// !$*UTF8*$!
{
	archiveVersion = 1;
	classes = {
	};
	objectVersion = 46;
	objects = {

/* Begin PBXBuildFile section */
		18A509D6245C8438007C9D4E /* AppDelegate.swift in Sources */ = {isa = PBXBuildFile; fileRef = 18A509D5245C8438007C9D4E /* AppDelegate.swift */; };
		18A509D8245C8438007C9D4E /* ViewController.swift in Sources */ = {isa = PBXBuildFile; fileRef = 18A509D7245C8438007C9D4E /* ViewController.swift */; };
		18A509DB245C8438007C9D4E /* Main.storyboard in Resources */ = {isa = PBXBuildFile; fileRef = 18A509D9245C8438007C9D4E /* Main.storyboard */; };
		18A509DD245C8438007C9D4E /* Assets.xcassets in Resources */ = {isa = PBXBuildFile; fileRef = 18A509DC245C8438007C9D4E /* Assets.xcassets */; };
		18A509E0245C8438007C9D4E /* LaunchScreen.storyboard in Resources */ = {isa = PBXBuildFile; fileRef = 18A509DE245C8438007C9D4E /* LaunchScreen.storyboard */; };
		18A509E8245C846D007C9D4E /* Datos.swift in Sources */ = {isa = PBXBuildFile; fileRef = 18A509E7245C846D007C9D4E /* Datos.swift */; settings = {ASSET_TAGS = (); }; };
/* End PBXBuildFile section */

/* Begin PBXFileReference section */
		18A509D2245C8438007C9D4E /* Hamburguesas.app */ = {isa = PBXFileReference; explicitFileType = wrapper.application; includeInIndex = 0; path = Hamburguesas.app; sourceTree = BUILT_PRODUCTS_DIR; };
		18A509D5245C8438007C9D4E /* AppDelegate.swift */ = {isa = PBXFileReference; lastKnownFileType = sourcecode.swift; path = AppDelegate.swift; sourceTree = "<group>"; };
		18A509D7245C8438007C9D4E /* ViewController.swift */ = {isa = PBXFileReference; lastKnownFileType = sourcecode.swift; path = ViewController.swift; sourceTree = "<group>"; };
		18A509DA245C8438007C9D4E /* Base */ = {isa = PBXFileReference; lastKnownFileType = file.storyboard; name = Base; path = Base.lproj/Main.storyboard; sourceTree = "<group>"; };
		18A509DC245C8438007C9D4E /* Assets.xcassets */ = {isa = PBXFileReference; lastKnownFileType = folder.assetcatalog; path = Assets.xcassets; sourceTree = "<group>"; };
		18A509DF245C8438007C9D4E /* Base */ = {isa = PBXFileReference; lastKnownFileType = file.storyboard; name = Base; path = Base.lproj/LaunchScreen.storyboard; sourceTree = "<group>"; };
		18A509E1245C8438007C9D4E /* Info.plist */ = {isa = PBXFileReference; lastKnownFileType = text.plist.xml; path = Info.plist; sourceTree = "<group>"; };
		18A509E7245C846D007C9D4E /* Datos.swift */ = {isa = PBXFileReference; fileEncoding = 4; lastKnownFileType = sourcecode.swift; path = Datos.swift; sourceTree = "<group>"; };
/* End PBXFileReference section */

/* Begin PBXFrameworksBuildPhase section */
		18A509CF245C8438007C9D4E /* Frameworks */ = {
			isa = PBXFrameworksBuildPhase;
			buildActionMask = 2147483647;
			files = (
			);
			runOnlyForDeploymentPostprocessing = 0;
		};
/* End PBXFrameworksBuildPhase section */

/* Begin PBXGroup section */
		18A509C9245C8438007C9D4E = {
			isa = PBXGroup;
			children = (
				18A509D4245C8438007C9D4E /* Hamburguesas */,
				18A509D3245C8438007C9D4E /* Products */,
			);
			sourceTree = "<group>";
		};
		18A509D3245C8438007C9D4E /* Products */ = {
			isa = PBXGroup;
			children = (
				18A509D2245C8438007C9D4E /* Hamburguesas.app */,
			);
			name = Products;
			sourceTree = "<group>";
		};
		18A509D4245C8438007C9D4E /* Hamburguesas */ = {
			isa = PBXGroup;
			children = (
				18A509D5245C8438007C9D4E /* AppDelegate.swift */,
				18A509D7245C8438007C9D4E /* ViewController.swift */,
				18A509D9245C8438007C9D4E /* Main.storyboard */,
				18A509DC245C8438007C9D4E /* Assets.xcassets */,
				18A509DE245C8438007C9D4E /* LaunchScreen.storyboard */,
				18A509E1245C8438007C9D4E /* Info.plist */,
				18A509E7245C846D007C9D4E /* Datos.swift */,
			);
			path = Hamburguesas;
			sourceTree = "<group>";
		};
/* End PBXGroup section */

/* Begin PBXNativeTarget section */
		18A509D1245C8438007C9D4E /* Hamburguesas */ = {
			isa = PBXNativeTarget;
			buildConfigurationList = 18A509E4245C8438007C9D4E /* Build configuration list for PBXNativeTarget "Hamburguesas" */;
			buildPhases = (
				18A509CE245C8438007C9D4E /* Sources */,
				18A509CF245C8438007C9D4E /* Frameworks */,
				18A509D0245C8438007C9D4E /* Resources */,
			);
			buildRules = (
			);
			dependencies = (
			);
			name = Hamburguesas;
			productName = Hamburguesas;
			productReference = 18A509D2245C8438007C9D4E /* Hamburguesas.app */;
			productType = "com.apple.product-type.application";
		};
/* End PBXNativeTarget section */

/* Begin PBXProject section */
		18A509CA245C8438007C9D4E /* Project object */ = {
			isa = PBXProject;
			attributes = {
				LastUpgradeCheck = 0700;
				ORGANIZATIONNAME = "bgddddtec de monterrey";
				TargetAttributes = {
					18A509D1245C8438007C9D4E = {
						CreatedOnToolsVersion = 7.0;
					};
				};
			};
			buildConfigurationList = 18A509CD245C8438007C9D4E /* Build configuration list for PBXProject "Hamburguesas" */;
			compatibilityVersion = "Xcode 3.2";
			developmentRegion = English;
			hasScannedForEncodings = 0;
			knownRegions = (
				en,
				Base,
			);
			mainGroup = 18A509C9245C8438007C9D4E;
			productRefGroup = 18A509D3245C8438007C9D4E /* Products */;
			projectDirPath = "";
			projectRoot = "";
			targets = (
				18A509D1245C8438007C9D4E /* Hamburguesas */,
			);
		};
/* End PBXProject section */

/* Begin PBXResourcesBuildPhase section */
		18A509D0245C8438007C9D4E /* Resources */ = {
			isa = PBXResourcesBuildPhase;
			buildActionMask = 2147483647;
			files = (
				18A509E0245C8438007C9D4E /* LaunchScreen.storyboard in Resources */,
				18A509DD245C8438007C9D4E /* Assets.xcassets in Resources */,
				18A509DB245C8438007C9D4E /* Main.storyboard in Resources */,
			);
			runOnlyForDeploymentPostprocessing = 0;
		};
/* End PBXResourcesBuildPhase section */

/* Begin PBXSourcesBuildPhase section */
		18A509CE245C8438007C9D4E /* Sources */ = {
			isa = PBXSourcesBuildPhase;
			buildActionMask = 2147483647;
			files = (
				18A509D8245C8438007C9D4E /* ViewController.swift in Sources */,
				18A509D6245C8438007C9D4E /* AppDelegate.swift in Sources */,
				18A509E8245C846D007C9D4E /* Datos.swift in Sources */,
			);
			runOnlyForDeploymentPostprocessing = 0;
		};
/* End PBXSourcesBuildPhase section */

/* Begin PBXVariantGroup section */
		18A509D9245C8438007C9D4E /* Main.storyboard */ = {
			isa = PBXVariantGroup;
			children = (
				18A509DA245C8438007C9D4E /* Base */,
			);
			name = Main.storyboard;
			sourceTree = "<group>";
		};
		18A509DE245C8438007C9D4E /* LaunchScreen.storyboard */ = {
			isa = PBXVariantGroup;
			children = (
				18A509DF245C8438007C9D4E /* Base */,
			);
			name = LaunchScreen.storyboard;
			sourceTree = "<group>";
		};
/* End PBXVariantGroup section */

/* Begin XCBuildConfiguration section */
		18A509E2245C8438007C9D4E /* Debug */ = {
			isa = XCBuildConfiguration;
			buildSettings = {
				ALWAYS_SEARCH_USER_PATHS = NO;
				CLANG_CXX_LANGUAGE_STANDARD = "gnu++0x";
				CLANG_CXX_LIBRARY = "libc++";
				CLANG_ENABLE_MODULES = YES;
				CLANG_ENABLE_OBJC_ARC = YES;
				CLANG_WARN_BOOL_CONVERSION = YES;
				CLANG_WARN_CONSTANT_CONVERSION = YES;
				CLANG_WARN_DIRECT_OBJC_ISA_USAGE = YES_ERROR;
				CLANG_WARN_EMPTY_BODY = YES;
				CLANG_WARN_ENUM_CONVERSION = YES;
				CLANG_WARN_INT_CONVERSION = YES;
				CLANG_WARN_OBJC_ROOT_CLASS = YES_ERROR;
				CLANG_WARN_UNREACHABLE_CODE = YES;
				CLANG_WARN__DUPLICATE_METHOD_MATCH = YES;
				"CODE_SIGN_IDENTITY[sdk=iphoneos*]" = "iPhone Developer";
				COPY_PHASE_STRIP = NO;
				DEBUG_INFORMATION_FORMAT = dwarf;
				ENABLE_STRICT_OBJC_MSGSEND = YES;
				ENABLE_TESTABILITY = YES;
				GCC_C_LANGUAGE_STANDARD = gnu99;
				GCC_DYNAMIC_NO_PIC = NO;
				GCC_NO_COMMON_BLOCKS = YES;
				GCC_OPTIMIZATION_LEVEL = 0;
				GCC_PREPROCESSOR_DEFINITIONS = (
					"DEBUG=1",
					"$(inherited)",
				);
				GCC_WARN_64_TO_32_BIT_CONVERSION = YES;
				GCC_WARN_ABOUT_RETURN_TYPE = YES_ERROR;
				GCC_WARN_UNDECLARED_SELECTOR = YES;
				GCC_WARN_UNINITIALIZED_AUTOS = YES_AGGRESSIVE;
				GCC_WARN_UNUSED_FUNCTION = YES;
				GCC_WARN_UNUSED_VARIABLE = YES;
				IPHONEOS_DEPLOYMENT_TARGET = 9.0;
				MTL_ENABLE_DEBUG_INFO = YES;
				ONLY_ACTIVE_ARCH = YES;
				SDKROOT = iphoneos;
				SWIFT_OPTIMIZATION_LEVEL = "-Onone";
			};
			name = Debug;
		};
		18A509E3245C8438007C9D4E /* Release */ = {
			isa = XCBuildConfiguration;
			buildSettings = {
				ALWAYS_SEARCH_USER_PATHS = NO;
				CLANG_CXX_LANGUAGE_STANDARD = "gnu++0x";
				CLANG_CXX_LIBRARY = "libc++";
				CLANG_ENABLE_MODULES = YES;
				CLANG_ENABLE_OBJC_ARC = YES;
				CLANG_WARN_BOOL_CONVERSION = YES;
				CLANG_WARN_CONSTANT_CONVERSION = YES;
				CLANG_WARN_DIRECT_OBJC_ISA_USAGE = YES_ERROR;
				CLANG_WARN_EMPTY_BODY = YES;
				CLANG_WARN_ENUM_CONVERSION = YES;
				CLANG_WARN_INT_CONVERSION = YES;
				CLANG_WARN_OBJC_ROOT_CLASS = YES_ERROR;
				CLANG_WARN_UNREACHABLE_CODE = YES;
				CLANG_WARN__DUPLICATE_METHOD_MATCH = YES;
				"CODE_SIGN_IDENTITY[sdk=iphoneos*]" = "iPhone Developer";
				COPY_PHASE_STRIP = NO;
				DEBUG_INFORMATION_FORMAT = "dwarf-with-dsym";
				ENABLE_NS_ASSERTIONS = NO;
				ENABLE_STRICT_OBJC_MSGSEND = YES;
				GCC_C_LANGUAGE_STANDARD = gnu99;
				GCC_NO_COMMON_BLOCKS = YES;
				GCC_WARN_64_TO_32_BIT_CONVERSION = YES;
				GCC_WARN_ABOUT_RETURN_TYPE = YES_ERROR;
				GCC_WARN_UNDECLARED_SELECTOR = YES;
				GCC_WARN_UNINITIALIZED_AUTOS = YES_AGGRESSIVE;
				GCC_WARN_UNUSED_FUNCTION = YES;
				GCC_WARN_UNUSED_VARIABLE = YES;
				IPHONEOS_DEPLOYMENT_TARGET = 9.0;
				MTL_ENABLE_DEBUG_INFO = NO;
				SDKROOT = iphoneos;
				VALIDATE_PRODUCT = YES;
			};
			name = Release;
		};
		18A509E5245C8438007C9D4E /* Debug */ = {
			isa = XCBuildConfiguration;
			buildSettings = {
				ASSETCATALOG_COMPILER_APPICON_NAME = AppIcon;
				INFOPLIST_FILE = Hamburguesas/Info.plist;
				LD_RUNPATH_SEARCH_PATHS = "$(inherited) @executable_path/Frameworks";
				PRODUCT_BUNDLE_IDENTIFIER = mx.itesmitesm.com.Hamburguesas;
				PRODUCT_NAME = "$(TARGET_NAME)";
			};
			name = Debug;
		};
		18A509E6245C8438007C9D4E /* Release */ = {
			isa = XCBuildConfiguration;
			buildSettings = {
				ASSETCATALOG_COMPILER_APPICON_NAME = AppIcon;
				INFOPLIST_FILE = Hamburguesas/Info.plist;
				LD_RUNPATH_SEARCH_PATHS = "$(inherited) @executable_path/Frameworks";
				PRODUCT_BUNDLE_IDENTIFIER = mx.itesmitesm.com.Hamburguesas;
				PRODUCT_NAME = "$(TARGET_NAME)";
			};
			name = Release;
		};
/* End XCBuildConfiguration section */

/* Begin XCConfigurationList section */
		18A509CD245C8438007C9D4E /* Build configuration list for PBXProject "Hamburguesas" */ = {
			isa = XCConfigurationList;
			buildConfigurations = (
				18A509E2245C8438007C9D4E /* Debug */,
				18A509E3245C8438007C9D4E /* Release */,
			);
			defaultConfigurationIsVisible = 0;
			defaultConfigurationName = Release;
		};
		18A509E4245C8438007C9D4E /* Build configuration list for PBXNativeTarget "Hamburguesas" */ = {
			isa = XCConfigurationList;
			buildConfigurations = (
				18A509E5245C8438007C9D4E /* Debug */,
				18A509E6245C8438007C9D4E /* Release */,
			);
			defaultConfigurationIsVisible = 0;
		};
/* End XCConfigurationList section */
	};
	rootObject = 18A509CA245C8438007C9D4E /* Project object */;
}
